
Microsoft Visual Studio Solution File, Format Version 12.00
# Visual Studio Version 17
VisualStudioVersion = 17.0.31903.59
MinimumVisualStudioVersion = 10.0.40219.1
Project("{2150E333-8FDC-42A3-9474-1A3956D46DE8}") = "src", "src", "{827E0CD3-B72D-47B6-A68D-7590B98EB39B}"
EndProject
Project("{FAE04EC0-301F-11D3-BF4B-00C04F79EFBC}") = "Aitm.Store", "src\Aitm.Store\Aitm.Store.csproj", "{2FE4815F-4398-4C64-ACD1-827080AA3977}"
EndProject
Project("{2150E333-8FDC-42A3-9474-1A3956D46DE8}") = "tests", "tests", "{0AB3BF05-4346-4AA6-1389-037BE0695223}"
EndProject
Project("{FAE04EC0-301F-11D3-BF4B-00C04F79EFBC}") = "Aitm.Store.Tests", "tests\Aitm.Store.Tests\Aitm.Store.Tests.csproj", "{A6B80160-041B-454F-B791-1EFD584813F2}"
EndProject
Project("{FAE04EC0-301F-11D3-BF4B-00C04F79EFBC}") = "Aitm.Facts", "src\Aitm.Facts\Aitm.Facts.csproj", "{9AD5948A-4F30-4684-848A-DEEF72ED4911}"
EndProject
Project("{FAE04EC0-301F-11D3-BF4B-00C04F79EFBC}") = "Aitm.Facts.Tests", "tests\Aitm.Facts.Tests\Aitm.Facts.Tests.csproj", "{E9CB7E17-816A-4D01-BAB1-A3DD46D37992}"
EndProject
Project("{FAE04EC0-301F-11D3-BF4B-00C04F79EFBC}") = "Aitm.Memory", "src\Aitm.Memory\Aitm.Memory.csproj", "{D4AEEB63-A4C5-4BB9-AE27-34EC45B02912}"
EndProject
Project("{FAE04EC0-301F-11D3-BF4B-00C04F79EFBC}") = "Aitm.Memory.Tests", "tests\Aitm.Memory.Tests\Aitm.Memory.Tests.csproj", "{E11E6B33-A1A2-4F35-9FEC-97574DFB86F8}"
EndProject
Project("{FAE04EC0-301F-11D3-BF4B-00C04F79EFBC}") = "Aitm.Docs", "src\Aitm.Docs\Aitm.Docs.csproj", "{9382703D-A5D2-47A4-8ECE-82CC92DA4DB0}"
EndProject
Project("{FAE04EC0-301F-11D3-BF4B-00C04F79EFBC}") = "Aitm.Docs.Tests", "tests\Aitm.Docs.Tests\Aitm.Docs.Tests.csproj", "{F7D71579-2011-4183-91BA-ACBD68157E02}"
EndProject
Project("{FAE04EC0-301F-11D3-BF4B-00C04F79EFBC}") = "Aitm.Graph", "src\Aitm.Graph\Aitm.Graph.csproj", "{9030D5D3-009C-4873-A317-628750793A11}"
EndProject
Project("{FAE04EC0-301F-11D3-BF4B-00C04F79EFBC}") = "Aitm.Graph.Tests", "tests\Aitm.Graph.Tests\Aitm.Graph.Tests.csproj", "{070CA770-AEB0-44FB-A48D-453FFF3DC5F3}"
EndProject
Project("{FAE04EC0-301F-11D3-BF4B-00C04F79EFBC}") = "Aitm.Brain", "src\Aitm.Brain\Aitm.Brain.csproj", "{C89852F7-C06D-423F-B593-825199B8F782}"
EndProject
Project("{FAE04EC0-301F-11D3-BF4B-00C04F79EFBC}") = "Aitm.Brain.Tests", "tests\Aitm.Brain.Tests\Aitm.Brain.Tests.csproj", "{AC6610F5-8289-441C-9ABA-37456928766C}"
EndProject
Project("{FAE04EC0-301F-11D3-BF4B-00C04F79EFBC}") = "Aitm.Hooks", "src\Aitm.Hooks\Aitm.Hooks.csproj", "{1685DCF4-9F0C-407A-ABB4-F62A397C6771}"
EndProject
Project("{FAE04EC0-301F-11D3-BF4B-00C04F79EFBC}") = "Aitm.Hooks.Tests", "tests\Aitm.Hooks.Tests\Aitm.Hooks.Tests.csproj", "{17D4B86A-72EA-4C9B-ADB3-8DB3EDCB0619}"
EndProject
Project("{FAE04EC0-301F-11D3-BF4B-00C04F79EFBC}") = "Aitm.Server", "src\Aitm.Server\Aitm.Server.csproj", "{0823DD46-8B4E-4413-BE2C-9435D24CBD45}"
EndProject
Project("{FAE04EC0-301F-11D3-BF4B-00C04F79EFBC}") = "Aitm.Server.Tests", "tests\Aitm.Server.Tests\Aitm.Server.Tests.csproj", "{40681A6E-DCA3-4220-A615-58CFAE803E13}"
EndProject
Project("{FAE04EC0-301F-11D3-BF4B-00C04F79EFBC}") = "Aitm.Cli", "src\Aitm.Cli\Aitm.Cli.csproj", "{519CECC4-CD73-49D2-9242-25BA3CF8E30E}"
EndProject
Project("{FAE04EC0-301F-11D3-BF4B-00C04F79EFBC}") = "Aitm.Cli.Tests", "tests\Aitm.Cli.Tests\Aitm.Cli.Tests.csproj", "{B765A419-1A7C-42EF-95AD-7D304390B9FE}"
EndProject
Project("{FAE04EC0-301F-11D3-BF4B-00C04F79EFBC}") = "Aitm.Layout.Tests", "tests\Aitm.Layout.Tests\Aitm.Layout.Tests.csproj", "{DBE24E36-1498-4E69-ABD0-ACDFCA0D03B4}"
EndProject
Global
	GlobalSection(SolutionConfigurationPlatforms) = preSolution
		Debug|Any CPU = Debug|Any CPU
		Debug|x64 = Debug|x64
		Debug|x86 = Debug|x86
		Release|Any CPU = Release|Any CPU
		Release|x64 = Release|x64
		Release|x86 = Release|x86
	EndGlobalSection
	GlobalSection(ProjectConfigurationPlatforms) = postSolution
		{2FE4815F-4398-4C64-ACD1-827080AA3977}.Debug|Any CPU.ActiveCfg = Debug|Any CPU
		{2FE4815F-4398-4C64-ACD1-827080AA3977}.Debug|Any CPU.Build.0 = Debug|Any CPU
		{2FE4815F-4398-4C64-ACD1-827080AA3977}.Debug|x64.ActiveCfg = Debug|Any CPU
		{2FE4815F-4398-4C64-ACD1-827080AA3977}.Debug|x64.Build.0 = Debug|Any CPU
		{2FE4815F-4398-4C64-ACD1-827080AA3977}.Debug|x86.ActiveCfg = Debug|Any CPU
		{2FE4815F-4398-4C64-ACD1-827080AA3977}.Debug|x86.Build.0 = Debug|Any CPU
		{2FE4815F-4398-4C64-ACD1-827080AA3977}.Release|Any CPU.ActiveCfg = Release|Any CPU
		{2FE4815F-4398-4C64-ACD1-827080AA3977}.Release|Any CPU.Build.0 = Release|Any CPU
		{2FE4815F-4398-4C64-ACD1-827080AA3977}.Release|x64.ActiveCfg = Release|Any CPU
		{2FE4815F-4398-4C64-ACD1-827080AA3977}.Release|x64.Build.0 = Release|Any CPU
		{2FE4815F-4398-4C64-ACD1-827080AA3977}.Release|x86.ActiveCfg = Release|Any CPU
		{2FE4815F-4398-4C64-ACD1-827080AA3977}.Release|x86.Build.0 = Release|Any CPU
		{A6B80160-041B-454F-B791-1EFD584813F2}.Debug|Any CPU.ActiveCfg = Debug|Any CPU
		{A6B80160-041B-454F-B791-1EFD584813F2}.Debug|Any CPU.Build.0 = Debug|Any CPU
		{A6B80160-041B-454F-B791-1EFD584813F2}.Debug|x64.ActiveCfg = Debug|Any CPU
		{A6B80160-041B-454F-B791-1EFD584813F2}.Debug|x64.Build.0 = Debug|Any CPU
		{A6B80160-041B-454F-B791-1EFD584813F2}.Debug|x86.ActiveCfg = Debug|Any CPU
		{A6B80160-041B-454F-B791-1EFD584813F2}.Debug|x86.Build.0 = Debug|Any CPU
		{A6B80160-041B-454F-B791-1EFD584813F2}.Release|Any CPU.ActiveCfg = Release|Any CPU
		{A6B80160-041B-454F-B791-1EFD584813F2}.Release|Any CPU.Build.0 = Release|Any CPU
		{A6B80160-041B-454F-B791-1EFD584813F2}.Release|x64.ActiveCfg = Release|Any CPU
		{A6B80160-041B-454F-B791-1EFD584813F2}.Release|x64.Build.0 = Release|Any CPU
		{A6B80160-041B-454F-B791-1EFD584813F2}.Release|x86.ActiveCfg = Release|Any CPU
		{A6B80160-041B-454F-B791-1EFD584813F2}.Release|x86.Build.0 = Release|Any CPU
		{9AD5948A-4F30-4684-848A-DEEF72ED4911}.Debug|Any CPU.ActiveCfg = Debug|Any CPU
		{9AD5948A-4F30-4684-848A-DEEF72ED4911}.Debug|Any CPU.Build.0 = Debug|Any CPU
		{9AD5948A-4F30-4684-848A-DEEF72ED4911}.Debug|x64.ActiveCfg = Debug|Any CPU
		{9AD5948A-4F30-4684-848A-DEEF72ED4911}.Debug|x64.Build.0 = Debug|Any CPU
		{9AD5948A-4F30-4684-848A-DEEF72ED4911}.Debug|x86.ActiveCfg = Debug|Any CPU
		{9AD5948A-4F30-4684-848A-DEEF72ED4911}.Debug|x86.Build.0 = Debug|Any CPU
		{9AD5948A-4F30-4684-848A-DEEF72ED4911}.Release|Any CPU.ActiveCfg = Release|Any CPU
		{9AD5948A-4F30-4684-848A-DEEF72ED4911}.Release|Any CPU.Build.0 = Release|Any CPU
		{9AD5948A-4F30-4684-848A-DEEF72ED4911}.Release|x64.ActiveCfg = Release|Any CPU
		{9AD5948A-4F30-4684-848A-DEEF72ED4911}.Release|x64.Build.0 = Release|Any CPU
		{9AD5948A-4F30-4684-848A-DEEF72ED4911}.Release|x86.ActiveCfg = Release|Any CPU
		{9AD5948A-4F30-4684-848A-DEEF72ED4911}.Release|x86.Build.0 = Release|Any CPU
		{E9CB7E17-816A-4D01-BAB1-A3DD46D37992}.Debug|Any CPU.ActiveCfg = Debug|Any CPU
		{E9CB7E17-816A-4D01-BAB1-A3DD46D37992}.Debug|Any CPU.Build.0 = Debug|Any CPU
		{E9CB7E17-816A-4D01-BAB1-A3DD46D37992}.Debug|x64.ActiveCfg = Debug|Any CPU
		{E9CB7E17-816A-4D01-BAB1-A3DD46D37992}.Debug|x64.Build.0 = Debug|Any CPU
		{E9CB7E17-816A-4D01-BAB1-A3DD46D37992}.Debug|x86.ActiveCfg = Debug|Any CPU
		{E9CB7E17-816A-4D01-BAB1-A3DD46D37992}.Debug|x86.Build.0 = Debug|Any CPU
		{E9CB7E17-816A-4D01-BAB1-A3DD46D37992}.Release|Any CPU.ActiveCfg = Release|Any CPU
		{E9CB7E17-816A-4D01-BAB1-A3DD46D37992}.Release|Any CPU.Build.0 = Release|Any CPU
		{E9CB7E17-816A-4D01-BAB1-A3DD46D37992}.Release|x64.ActiveCfg = Release|Any CPU
		{E9CB7E17-816A-4D01-BAB1-A3DD46D37992}.Release|x64.Build.0 = Release|Any CPU
		{E9CB7E17-816A-4D01-BAB1-A3DD46D37992}.Release|x86.ActiveCfg = Release|Any CPU
		{E9CB7E17-816A-4D01-BAB1-A3DD46D37992}.Release|x86.Build.0 = Release|Any CPU
		{D4AEEB63-A4C5-4BB9-AE27-34EC45B02912}.Debug|Any CPU.ActiveCfg = Debug|Any CPU
		{D4AEEB63-A4C5-4BB9-AE27-34EC45B02912}.Debug|Any CPU.Build.0 = Debug|Any CPU
		{D4AEEB63-A4C5-4BB9-AE27-34EC45B02912}.Debug|x64.ActiveCfg = Debug|Any CPU
		{D4AEEB63-A4C5-4BB9-AE27-34EC45B02912}.Debug|x64.Build.0 = Debug|Any CPU
		{D4AEEB63-A4C5-4BB9-AE27-34EC45B02912}.Debug|x86.ActiveCfg = Debug|Any CPU
		{D4AEEB63-A4C5-4BB9-AE27-34EC45B02912}.Debug|x86.Build.0 = Debug|Any CPU
		{D4AEEB63-A4C5-4BB9-AE27-34EC45B02912}.Release|Any CPU.ActiveCfg = Release|Any CPU
		{D4AEEB63-A4C5-4BB9-AE27-34EC45B02912}.Release|Any CPU.Build.0 = Release|Any CPU
		{D4AEEB63-A4C5-4BB9-AE27-34EC45B02912}.Release|x64.ActiveCfg = Release|Any CPU
		{D4AEEB63-A4C5-4BB9-AE27-34EC45B02912}.Release|x64.Build.0 = Release|Any CPU
		{D4AEEB63-A4C5-4BB9-AE27-34EC45B02912}.Release|x86.ActiveCfg = Release|Any CPU
		{D4AEEB63-A4C5-4BB9-AE27-34EC45B02912}.Release|x86.Build.0 = Release|Any CPU
		{E11E6B33-A1A2-4F35-9FEC-97574DFB86F8}.Debug|Any CPU.ActiveCfg = Debug|Any CPU
		{E11E6B33-A1A2-4F35-9FEC-97574DFB86F8}.Debug|Any CPU.Build.0 = Debug|Any CPU
		{E11E6B33-A1A2-4F35-9FEC-97574DFB86F8}.Debug|x64.ActiveCfg = Debug|Any CPU
		{E11E6B33-A1A2-4F35-9FEC-97574DFB86F8}.Debug|x64.Build.0 = Debug|Any CPU
		{E11E6B33-A1A2-4F35-9FEC-97574DFB86F8}.Debug|x86.ActiveCfg = Debug|Any CPU
		{E11E6B33-A1A2-4F35-9FEC-97574DFB86F8}.Debug|x86.Build.0 = Debug|Any CPU
		{E11E6B33-A1A2-4F35-9FEC-97574DFB86F8}.Release|Any CPU.ActiveCfg = Release|Any CPU
		{E11E6B33-A1A2-4F35-9FEC-97574DFB86F8}.Release|Any CPU.Build.0 = Release|Any CPU
		{E11E6B33-A1A2-4F35-9FEC-97574DFB86F8}.Release|x64.ActiveCfg = Release|Any CPU
		{E11E6B33-A1A2-4F35-9FEC-97574DFB86F8}.Release|x64.Build.0 = Release|Any CPU
		{E11E6B33-A1A2-4F35-9FEC-97574DFB86F8}.Release|x86.ActiveCfg = Release|Any CPU
		{E11E6B33-A1A2-4F35-9FEC-97574DFB86F8}.Release|x86.Build.0 = Release|Any CPU
		{9382703D-A5D2-47A4-8ECE-82CC92DA4DB0}.Debug|Any CPU.ActiveCfg = Debug|Any CPU
		{9382703D-A5D2-47A4-8ECE-82CC92DA4DB0}.Debug|Any CPU.Build.0 = Debug|Any CPU
		{9382703D-A5D2-47A4-8ECE-82CC92DA4DB0}.Debug|x64.ActiveCfg = Debug|Any CPU
		{9382703D-A5D2-47A4-8ECE-82CC92DA4DB0}.Debug|x64.Build.0 = Debug|Any CPU
		{9382703D-A5D2-47A4-8ECE-82CC92DA4DB0}.Debug|x86.ActiveCfg = Debug|Any CPU
		{9382703D-A5D2-47A4-8ECE-82CC92DA4DB0}.Debug|x86.Build.0 = Debug|Any CPU
		{9382703D-A5D2-47A4-8ECE-82CC92DA4DB0}.Release|Any CPU.ActiveCfg = Release|Any CPU
		{9382703D-A5D2-47A4-8ECE-82CC92DA4DB0}.Release|Any CPU.Build.0 = Release|Any CPU
		{9382703D-A5D2-47A4-8ECE-82CC92DA4DB0}.Release|x64.ActiveCfg = Release|Any CPU
		{9382703D-A5D2-47A4-8ECE-82CC92DA4DB0}.Release|x64.Build.0 = Release|Any CPU
		{9382703D-A5D2-47A4-8ECE-82CC92DA4DB0}.Release|x86.ActiveCfg = Release|Any CPU
		{9382703D-A5D2-47A4-8ECE-82CC92DA4DB0}.Release|x86.Build.0 = Release|Any CPU
		{F7D71579-2011-4183-91BA-ACBD68157E02}.Debug|Any CPU.ActiveCfg = Debug|Any CPU
		{F7D71579-2011-4183-91BA-ACBD68157E02}.Debug|Any CPU.Build.0 = Debug|Any CPU
		{F7D71579-2011-4183-91BA-ACBD68157E02}.Debug|x64.ActiveCfg = Debug|Any CPU
		{F7D71579-2011-4183-91BA-ACBD68157E02}.Debug|x64.Build.0 = Debug|Any CPU
		{F7D71579-2011-4183-91BA-ACBD68157E02}.Debug|x86.ActiveCfg = Debug|Any CPU
		{F7D71579-2011-4183-91BA-ACBD68157E02}.Debug|x86.Build.0 = Debug|Any CPU
		{F7D71579-2011-4183-91BA-ACBD68157E02}.Release|Any CPU.ActiveCfg = Release|Any CPU
		{F7D71579-2011-4183-91BA-ACBD68157E02}.Release|Any CPU.Build.0 = Release|Any CPU
		{F7D71579-2011-4183-91BA-ACBD68157E02}.Release|x64.ActiveCfg = Release|Any CPU
		{F7D71579-2011-4183-91BA-ACBD68157E02}.Release|x64.Build.0 = Release|Any CPU
		{F7D71579-2011-4183-91BA-ACBD68157E02}.Release|x86.ActiveCfg = Release|Any CPU
		{F7D71579-2011-4183-91BA-ACBD68157E02}.Release|x86.Build.0 = Release|Any CPU
		{9030D5D3-009C-4873-A317-628750793A11}.Debug|Any CPU.ActiveCfg = Debug|Any CPU
		{9030D5D3-009C-4873-A317-628750793A11}.Debug|Any CPU.Build.0 = Debug|Any CPU
		{9030D5D3-009C-4873-A317-628750793A11}.Debug|x64.ActiveCfg = Debug|Any CPU
		{9030D5D3-009C-4873-A317-628750793A11}.Debug|x64.Build.0 = Debug|Any CPU
		{9030D5D3-009C-4873-A317-628750793A11}.Debug|x86.ActiveCfg = Debug|Any CPU
		{9030D5D3-009C-4873-A317-628750793A11}.Debug|x86.Build.0 = Debug|Any CPU
		{9030D5D3-009C-4873-A317-628750793A11}.Release|Any CPU.ActiveCfg = Release|Any CPU
		{9030D5D3-009C-4873-A317-628750793A11}.Release|Any CPU.Build.0 = Release|Any CPU
		{9030D5D3-009C-4873-A317-628750793A11}.Release|x64.ActiveCfg = Release|Any CPU
		{9030D5D3-009C-4873-A317-628750793A11}.Release|x64.Build.0 = Release|Any CPU
		{9030D5D3-009C-4873-A317-628750793A11}.Release|x86.ActiveCfg = Release|Any CPU
		{9030D5D3-009C-4873-A317-628750793A11}.Release|x86.Build.0 = Release|Any CPU
		{070CA770-AEB0-44FB-A48D-453FFF3DC5F3}.Debug|Any CPU.ActiveCfg = Debug|Any CPU
		{070CA770-AEB0-44FB-A48D-453FFF3DC5F3}.Debug|Any CPU.Build.0 = Debug|Any CPU
		{070CA770-AEB0-44FB-A48D-453FFF3DC5F3}.Debug|x64.ActiveCfg = Debug|Any CPU
		{070CA770-AEB0-44FB-A48D-453FFF3DC5F3}.Debug|x64.Build.0 = Debug|Any CPU
		{070CA770-AEB0-44FB-A48D-453FFF3DC5F3}.Debug|x86.ActiveCfg = Debug|Any CPU
		{070CA770-AEB0-44FB-A48D-453FFF3DC5F3}.Debug|x86.Build.0 = Debug|Any CPU
		{070CA770-AEB0-44FB-A48D-453FFF3DC5F3}.Release|Any CPU.ActiveCfg = Release|Any CPU
		{070CA770-AEB0-44FB-A48D-453FFF3DC5F3}.Release|Any CPU.Build.0 = Release|Any CPU
		{070CA770-AEB0-44FB-A48D-453FFF3DC5F3}.Release|x64.ActiveCfg = Release|Any CPU
		{070CA770-AEB0-44FB-A48D-453FFF3DC5F3}.Release|x64.Build.0 = Release|Any CPU
		{070CA770-AEB0-44FB-A48D-453FFF3DC5F3}.Release|x86.ActiveCfg = Release|Any CPU
		{070CA770-AEB0-44FB-A48D-453FFF3DC5F3}.Release|x86.Build.0 = Release|Any CPU
		{C89852F7-C06D-423F-B593-825199B8F782}.Debug|Any CPU.ActiveCfg = Debug|Any CPU
		{C89852F7-C06D-423F-B593-825199B8F782}.Debug|Any CPU.Build.0 = Debug|Any CPU
		{C89852F7-C06D-423F-B593-825199B8F782}.Debug|x64.ActiveCfg = Debug|Any CPU
		{C89852F7-C06D-423F-B593-825199B8F782}.Debug|x64.Build.0 = Debug|Any CPU
		{C89852F7-C06D-423F-B593-825199B8F782}.Debug|x86.ActiveCfg = Debug|Any CPU
		{C89852F7-C06D-423F-B593-825199B8F782}.Debug|x86.Build.0 = Debug|Any CPU
		{C89852F7-C06D-423F-B593-825199B8F782}.Release|Any CPU.ActiveCfg = Release|Any CPU
		{C89852F7-C06D-423F-B593-825199B8F782}.Release|Any CPU.Build.0 = Release|Any CPU
		{C89852F7-C06D-423F-B593-825199B8F782}.Release|x64.ActiveCfg = Release|Any CPU
		{C89852F7-C06D-423F-B593-825199B8F782}.Release|x64.Build.0 = Release|Any CPU
		{C89852F7-C06D-423F-B593-825199B8F782}.Release|x86.ActiveCfg = Release|Any CPU
		{C89852F7-C06D-423F-B593-825199B8F782}.Release|x86.Build.0 = Release|Any CPU
		{AC6610F5-8289-441C-9ABA-37456928766C}.Debug|Any CPU.ActiveCfg = Debug|Any CPU
		{AC6610F5-8289-441C-9ABA-37456928766C}.Debug|Any CPU.Build.0 = Debug|Any CPU
		{AC6610F5-8289-441C-9ABA-37456928766C}.Debug|x64.ActiveCfg = Debug|Any CPU
		{AC6610F5-8289-441C-9ABA-37456928766C}.Debug|x64.Build.0 = Debug|Any CPU
		{AC6610F5-8289-441C-9ABA-37456928766C}.Debug|x86.ActiveCfg = Debug|Any CPU
		{AC6610F5-8289-441C-9ABA-37456928766C}.Debug|x86.Build.0 = Debug|Any CPU
		{AC6610F5-8289-441C-9ABA-37456928766C}.Release|Any CPU.ActiveCfg = Release|Any CPU
		{AC6610F5-8289-441C-9ABA-37456928766C}.Release|Any CPU.Build.0 = Release|Any CPU
		{AC6610F5-8289-441C-9ABA-37456928766C}.Release|x64.ActiveCfg = Release|Any CPU
		{AC6610F5-8289-441C-9ABA-37456928766C}.Release|x64.Build.0 = Release|Any CPU
		{AC6610F5-8289-441C-9ABA-37456928766C}.Release|x86.ActiveCfg = Release|Any CPU
		{AC6610F5-8289-441C-9ABA-37456928766C}.Release|x86.Build.0 = Release|Any CPU
		{1685DCF4-9F0C-407A-ABB4-F62A397C6771}.Debug|Any CPU.ActiveCfg = Debug|Any CPU
		{1685DCF4-9F0C-407A-ABB4-F62A397C6771}.Debug|Any CPU.Build.0 = Debug|Any CPU
		{1685DCF4-9F0C-407A-ABB4-F62A397C6771}.Debug|x64.ActiveCfg = Debug|Any CPU
		{1685DCF4-9F0C-407A-ABB4-F62A397C6771}.Debug|x64.Build.0 = Debug|Any CPU
		{1685DCF4-9F0C-407A-ABB4-F62A397C6771}.Debug|x86.ActiveCfg = Debug|Any CPU
		{1685DCF4-9F0C-407A-ABB4-F62A397C6771}.Debug|x86.Build.0 = Debug|Any CPU
		{1685DCF4-9F0C-407A-ABB4-F62A397C6771}.Release|Any CPU.ActiveCfg = Release|Any CPU
		{1685DCF4-9F0C-407A-ABB4-F62A397C6771}.Release|Any CPU.Build.0 = Release|Any CPU
		{1685DCF4-9F0C-407A-ABB4-F62A397C6771}.Release|x64.ActiveCfg = Release|Any CPU
		{1685DCF4-9F0C-407A-ABB4-F62A397C6771}.Release|x64.Build.0 = Release|Any CPU
		{1685DCF4-9F0C-407A-ABB4-F62A397C6771}.Release|x86.ActiveCfg = Release|Any CPU
		{1685DCF4-9F0C-407A-ABB4-F62A397C6771}.Release|x86.Build.0 = Release|Any CPU
		{17D4B86A-72EA-4C9B-ADB3-8DB3EDCB0619}.Debug|Any CPU.ActiveCfg = Debug|Any CPU
		{17D4B86A-72EA-4C9B-ADB3-8DB3EDCB0619}.Debug|Any CPU.Build.0 = Debug|Any CPU
		{17D4B86A-72EA-4C9B-ADB3-8DB3EDCB0619}.Debug|x64.ActiveCfg = Debug|Any CPU
		{17D4B86A-72EA-4C9B-ADB3-8DB3EDCB0619}.Debug|x64.Build.0 = Debug|Any CPU
		{17D4B86A-72EA-4C9B-ADB3-8DB3EDCB0619}.Debug|x86.ActiveCfg = Debug|Any CPU
		{17D4B86A-72EA-4C9B-ADB3-8DB3EDCB0619}.Debug|x86.Build.0 = Debug|Any CPU
		{17D4B86A-72EA-4C9B-ADB3-8DB3EDCB0619}.Release|Any CPU.ActiveCfg = Release|Any CPU
		{17D4B86A-72EA-4C9B-ADB3-8DB3EDCB0619}.Release|Any CPU.Build.0 = Release|Any CPU
		{17D4B86A-72EA-4C9B-ADB3-8DB3EDCB0619}.Release|x64.ActiveCfg = Release|Any CPU
		{17D4B86A-72EA-4C9B-ADB3-8DB3EDCB0619}.Release|x64.Build.0 = Release|Any CPU
		{17D4B86A-72EA-4C9B-ADB3-8DB3EDCB0619}.Release|x86.ActiveCfg = Release|Any CPU
		{17D4B86A-72EA-4C9B-ADB3-8DB3EDCB0619}.Release|x86.Build.0 = Release|Any CPU
		{0823DD46-8B4E-4413-BE2C-9435D24CBD45}.Debug|Any CPU.ActiveCfg = Debug|Any CPU
		{0823DD46-8B4E-4413-BE2C-9435D24CBD45}.Debug|Any CPU.Build.0 = Debug|Any CPU
		{0823DD46-8B4E-4413-BE2C-9435D24CBD45}.Debug|x64.ActiveCfg = Debug|Any CPU
		{0823DD46-8B4E-4413-BE2C-9435D24CBD45}.Debug|x64.Build.0 = Debug|Any CPU
		{0823DD46-8B4E-4413-BE2C-9435D24CBD45}.Debug|x86.ActiveCfg = Debug|Any CPU
		{0823DD46-8B4E-4413-BE2C-9435D24CBD45}.Debug|x86.Build.0 = Debug|Any CPU
		{0823DD46-8B4E-4413-BE2C-9435D24CBD45}.Release|Any CPU.ActiveCfg = Release|Any CPU
		{0823DD46-8B4E-4413-BE2C-9435D24CBD45}.Release|Any CPU.Build.0 = Release|Any CPU
		{0823DD46-8B4E-4413-BE2C-9435D24CBD45}.Release|x64.ActiveCfg = Release|Any CPU
		{0823DD46-8B4E-4413-BE2C-9435D24CBD45}.Release|x64.Build.0 = Release|Any CPU
		{0823DD46-8B4E-4413-BE2C-9435D24CBD45}.Release|x86.ActiveCfg = Release|Any CPU
		{0823DD46-8B4E-4413-BE2C-9435D24CBD45}.Release|x86.Build.0 = Release|Any CPU
		{40681A6E-DCA3-4220-A615-58CFAE803E13}.Debug|Any CPU.ActiveCfg = Debug|Any CPU
		{40681A6E-DCA3-4220-A615-58CFAE803E13}.Debug|Any CPU.Build.0 = Debug|Any CPU
		{40681A6E-DCA3-4220-A615-58CFAE803E13}.Debug|x64.ActiveCfg = Debug|Any CPU
		{40681A6E-DCA3-4220-A615-58CFAE803E13}.Debug|x64.Build.0 = Debug|Any CPU
		{40681A6E-DCA3-4220-A615-58CFAE803E13}.Debug|x86.ActiveCfg = Debug|Any CPU
		{40681A6E-DCA3-4220-A615-58CFAE803E13}.Debug|x86.Build.0 = Debug|Any CPU
		{40681A6E-DCA3-4220-A615-58CFAE803E13}.Release|Any CPU.ActiveCfg = Release|Any CPU
		{40681A6E-DCA3-4220-A615-58CFAE803E13}.Release|Any CPU.Build.0 = Release|Any CPU
		{40681A6E-DCA3-4220-A615-58CFAE803E13}.Release|x64.ActiveCfg = Release|Any CPU
		{40681A6E-DCA3-4220-A615-58CFAE803E13}.Release|x64.Build.0 = Release|Any CPU
		{40681A6E-DCA3-4220-A615-58CFAE803E13}.Release|x86.ActiveCfg = Release|Any CPU
		{40681A6E-DCA3-4220-A615-58CFAE803E13}.Release|x86.Build.0 = Release|Any CPU
		{519CECC4-CD73-49D2-9242-25BA3CF8E30E}.Debug|Any CPU.ActiveCfg = Debug|Any CPU
		{519CECC4-CD73-49D2-9242-25BA3CF8E30E}.Debug|Any CPU.Build.0 = Debug|Any CPU
		{519CECC4-CD73-49D2-9242-25BA3CF8E30E}.Debug|x64.ActiveCfg = Debug|Any CPU
		{519CECC4-CD73-49D2-9242-25BA3CF8E30E}.Debug|x64.Build.0 = Debug|Any CPU
		{519CECC4-CD73-49D2-9242-25BA3CF8E30E}.Debug|x86.ActiveCfg = Debug|Any CPU
		{519CECC4-CD73-49D2-9242-25BA3CF8E30E}.Debug|x86.Build.0 = Debug|Any CPU
		{519CECC4-CD73-49D2-9242-25BA3CF8E30E}.Release|Any CPU.ActiveCfg = Release|Any CPU
		{519CECC4-CD73-49D2-9242-25BA3CF8E30E}.Release|Any CPU.Build.0 = Release|Any CPU
		{519CECC4-CD73-49D2-9242-25BA3CF8E30E}.Release|x64.ActiveCfg = Release|Any CPU
		{519CECC4-CD73-49D2-9242-25BA3CF8E30E}.Release|x64.Build.0 = Release|Any CPU
		{519CECC4-CD73-49D2-9242-25BA3CF8E30E}.Release|x86.ActiveCfg = Release|Any CPU
		{519CECC4-CD73-49D2-9242-25BA3CF8E30E}.Release|x86.Build.0 = Release|Any CPU
		{B765A419-1A7C-42EF-95AD-7D304390B9FE}.Debug|Any CPU.ActiveCfg = Debug|Any CPU
		{B765A419-1A7C-42EF-95AD-7D304390B9FE}.Debug|Any CPU.Build.0 = Debug|Any CPU
		{B765A419-1A7C-42EF-95AD-7D304390B9FE}.Debug|x64.ActiveCfg = Debug|Any CPU
		{B765A419-1A7C-42EF-95AD-7D304390B9FE}.Debug|x64.Build.0 = Debug|Any CPU
		{B765A419-1A7C-42EF-95AD-7D304390B9FE}.Debug|x86.ActiveCfg = Debug|Any CPU
		{B765A419-1A7C-42EF-95AD-7D304390B9FE}.Debug|x86.Build.0 = Debug|Any CPU
		{B765A419-1A7C-42EF-95AD-7D304390B9FE}.Release|Any CPU.ActiveCfg = Release|Any CPU
		{B765A419-1A7C-42EF-95AD-7D304390B9FE}.Release|Any CPU.Build.0 = Release|Any CPU
		{B765A419-1A7C-42EF-95AD-7D304390B9FE}.Release|x64.ActiveCfg = Release|Any CPU
		{B765A419-1A7C-42EF-95AD-7D304390B9FE}.Release|x64.Build.0 = Release|Any CPU
		{B765A419-1A7C-42EF-95AD-7D304390B9FE}.Release|x86.ActiveCfg = Release|Any CPU
		{B765A419-1A7C-42EF-95AD-7D304390B9FE}.Release|x86.Build.0 = Release|Any CPU
		{DBE24E36-1498-4E69-ABD0-ACDFCA0D03B4}.Debug|Any CPU.ActiveCfg = Debug|Any CPU
		{DBE24E36-1498-4E69-ABD0-ACDFCA0D03B4}.Debug|Any CPU.Build.0 = Debug|Any CPU
		{DBE24E36-1498-4E69-ABD0-ACDFCA0D03B4}.Debug|x64.ActiveCfg = Debug|Any CPU
		{DBE24E36-1498-4E69-ABD0-ACDFCA0D03B4}.Debug|x64.Build.0 = Debug|Any CPU
		{DBE24E36-1498-4E69-ABD0-ACDFCA0D03B4}.Debug|x86.ActiveCfg = Debug|Any CPU
		{DBE24E36-1498-4E69-ABD0-ACDFCA0D03B4}.Debug|x86.Build.0 = Debug|Any CPU
		{DBE24E36-1498-4E69-ABD0-ACDFCA0D03B4}.Release|Any CPU.ActiveCfg = Release|Any CPU
		{DBE24E36-1498-4E69-ABD0-ACDFCA0D03B4}.Release|Any CPU.Build.0 = Release|Any CPU
		{DBE24E36-1498-4E69-ABD0-ACDFCA0D03B4}.Release|x64.ActiveCfg = Release|Any CPU
		{DBE24E36-1498-4E69-ABD0-ACDFCA0D03B4}.Release|x64.Build.0 = Release|Any CPU
		{DBE24E36-1498-4E69-ABD0-ACDFCA0D03B4}.Release|x86.ActiveCfg = Release|Any CPU
		{DBE24E36-1498-4E69-ABD0-ACDFCA0D03B4}.Release|x86.Build.0 = Release|Any CPU
	EndGlobalSection
	GlobalSection(SolutionProperties) = preSolution
		HideSolutionNode = FALSE
	EndGlobalSection
	GlobalSection(NestedProjects) = preSolution
		{2FE4815F-4398-4C64-ACD1-827080AA3977} = {827E0CD3-B72D-47B6-A68D-7590B98EB39B}
		{A6B80160-041B-454F-B791-1EFD584813F2} = {0AB3BF05-4346-4AA6-1389-037BE0695223}
		{9AD5948A-4F30-4684-848A-DEEF72ED4911} = {827E0CD3-B72D-47B6-A68D-7590B98EB39B}
		{E9CB7E17-816A-4D01-BAB1-A3DD46D37992} = {0AB3BF05-4346-4AA6-1389-037BE0695223}
		{D4AEEB63-A4C5-4BB9-AE27-34EC45B02912} = {827E0CD3-B72D-47B6-A68D-7590B98EB39B}
		{E11E6B33-A1A2-4F35-9FEC-97574DFB86F8} = {0AB3BF05-4346-4AA6-1389-037BE0695223}
		{9382703D-A5D2-47A4-8ECE-82CC92DA4DB0} = {827E0CD3-B72D-47B6-A68D-7590B98EB39B}
		{F7D71579-2011-4183-91BA-ACBD68157E02} = {0AB3BF05-4346-4AA6-1389-037BE0695223}
		{9030D5D3-009C-4873-A317-628750793A11} = {827E0CD3-B72D-47B6-A68D-7590B98EB39B}
		{070CA770-AEB0-44FB-A48D-453FFF3DC5F3} = {0AB3BF05-4346-4AA6-1389-037BE0695223}
		{C89852F7-C06D-423F-B593-825199B8F782} = {827E0CD3-B72D-47B6-A68D-7590B98EB39B}
		{AC6610F5-8289-441C-9ABA-37456928766C} = {0AB3BF05-4346-4AA6-1389-037BE0695223}
		{1685DCF4-9F0C-407A-ABB4-F62A397C6771} = {827E0CD3-B72D-47B6-A68D-7590B98EB39B}
		{17D4B86A-72EA-4C9B-ADB3-8DB3EDCB0619} = {0AB3BF05-4346-4AA6-1389-037BE0695223}
		{0823DD46-8B4E-4413-BE2C-9435D24CBD45} = {827E0CD3-B72D-47B6-A68D-7590B98EB39B}
		{40681A6E-DCA3-4220-A615-58CFAE803E13} = {0AB3BF05-4346-4AA6-1389-037BE0695223}
		{519CECC4-CD73-49D2-9242-25BA3CF8E30E} = {827E0CD3-B72D-47B6-A68D-7590B98EB39B}
		{B765A419-1A7C-42EF-95AD-7D304390B9FE} = {0AB3BF05-4346-4AA6-1389-037BE0695223}
		{DBE24E36-1498-4E69-ABD0-ACDFCA0D03B4} = {0AB3BF05-4346-4AA6-1389-037BE0695223}
	EndGlobalSection
EndGlobal
